
Microsoft Visual Studio Solution File, Format Version 12.00
# Visual Studio Version 17
VisualStudioVersion = 17.11.35303.130
MinimumVisualStudioVersion = 10.0.40219.1
Project("{FAE04EC0-301F-11D3-BF4B-00C04F79EFBC}") = "AttaccoDifesaArena", "AttaccoDifesaArena.csproj", "{4298192A-683C-481B-90F5-EF4EA46C3690}"
EndProject
Global
	GlobalSection(SolutionConfigurationPlatforms) = preSolution
		Debug|Any CPU = Debug|Any CPU
		Release|Any CPU = Release|Any CPU
	EndGlobalSection
	GlobalSection(ProjectConfigurationPlatforms) = postSolution
		{4298192A-683C-481B-90F5-EF4EA46C3690}.Debug|Any CPU.ActiveCfg = Debug|Any CPU
		{4298192A-683C-481B-90F5-EF4EA46C3690}.Debug|Any CPU.Build.0 = Debug|Any CPU
		{4298192A-683C-481B-90F5-EF4EA46C3690}.Release|Any CPU.ActiveCfg = Release|Any CPU
		{4298192A-683C-481B-90F5-EF4EA46C3690}.Release|Any CPU.Build.0 = Release|Any CPU
	EndGlobalSection
	GlobalSection(SolutionProperties) = preSolution
		HideSolutionNode = FALSE
	EndGlobalSection
	GlobalSection(ExtensibilityGlobals) = postSolution
		SolutionGuid = {B3EF1AD4-C2EC-41CC-8275-85FC68EFA691}
	EndGlobalSection
EndGlobal
